
Microsoft Visual Studio Solution File, Format Version 12.00
# Visual Studio Version 17
VisualStudioVersion = 17.0.32112.339
MinimumVisualStudioVersion = 10.0.40219.1
Project("{FAE04EC0-301F-11D3-BF4B-00C04F79EFBC}") = "SimpleApp.Android", "SimpleApp\SimpleApp.Android\SimpleApp.Android.csproj", "{AD9CCF31-C68A-49D0-8A4F-04B002CC540F}"
EndProject
Project("{FAE04EC0-301F-11D3-BF4B-00C04F79EFBC}") = "SimpleApp", "SimpleApp\SimpleApp\SimpleApp.csproj", "{3F4FEDD9-A0D3-4B3E-A722-AF326EC12B70}"
EndProject
Global
	GlobalSection(SolutionConfigurationPlatforms) = preSolution
		Debug|Any CPU = Debug|Any CPU
		Release|Any CPU = Release|Any CPU
	EndGlobalSection
	GlobalSection(ProjectConfigurationPlatforms) = postSolution
		{AD9CCF31-C68A-49D0-8A4F-04B002CC540F}.Debug|Any CPU.ActiveCfg = Debug|Any CPU
		{AD9CCF31-C68A-49D0-8A4F-04B002CC540F}.Debug|Any CPU.Build.0 = Debug|Any CPU
		{AD9CCF31-C68A-49D0-8A4F-04B002CC540F}.Debug|Any CPU.Deploy.0 = Debug|Any CPU
		{AD9CCF31-C68A-49D0-8A4F-04B002CC540F}.Release|Any CPU.ActiveCfg = Release|Any CPU
		{AD9CCF31-C68A-49D0-8A4F-04B002CC540F}.Release|Any CPU.Build.0 = Release|Any CPU
		{AD9CCF31-C68A-49D0-8A4F-04B002CC540F}.Release|Any CPU.Deploy.0 = Release|Any CPU
		{3F4FEDD9-A0D3-4B3E-A722-AF326EC12B70}.Debug|Any CPU.ActiveCfg = Debug|Any CPU
		{3F4FEDD9-A0D3-4B3E-A722-AF326EC12B70}.Debug|Any CPU.Build.0 = Debug|Any CPU
		{3F4FEDD9-A0D3-4B3E-A722-AF326EC12B70}.Debug|Any CPU.Deploy.0 = Debug|Any CPU
		{3F4FEDD9-A0D3-4B3E-A722-AF326EC12B70}.Release|Any CPU.ActiveCfg = Release|Any CPU
		{3F4FEDD9-A0D3-4B3E-A722-AF326EC12B70}.Release|Any CPU.Build.0 = Release|Any CPU
		{3F4FEDD9-A0D3-4B3E-A722-AF326EC12B70}.Release|Any CPU.Deploy.0 = Release|Any CPU
	EndGlobalSection
	GlobalSection(SolutionProperties) = preSolution
		HideSolutionNode = FALSE
	EndGlobalSection
	GlobalSection(ExtensibilityGlobals) = postSolution
		SolutionGuid = {EAB7ECCB-299E-485B-A82B-A7546816BCAB}
	EndGlobalSection
EndGlobal
